# @generated by Move, please check-in and do not edit manually.

[move]
version = 3

dependencies = [
  { id = "Sui", name = "Sui" },
]
manifest_digest = "AA0E9C7DE644F899854FD351F7259B62BF11C5A983DBE560F59088FA02DC93A4"
deps_digest = "F8BBB0CCB2491CA29A3DF03D6F92277A4F3574266507ACD77214D37ECA3F3082"

[[move.package]]
id = "MoveStdlib"
source = { git = "https://github.com/MystenLabs/sui.git", rev = "mainnet", subdir = "crates/sui-framework/packages/move-stdlib" }

[[move.package]]
id = "Sui"
source = { git = "https://github.com/MystenLabs/sui.git", rev = "mainnet", subdir = "crates/sui-framework/packages/sui-framework" }

dependencies = [
  { id = "MoveStdlib", name = "MoveStdlib" },
]

[move.toolchain-version]
compiler-version = "1.55.0"
edition = "2024"
flavor = "sui"

[env]

[env.mainnet]
chain-id = "35834a8a"
original-published-id = "0xbece74970dc5b30686a3297b1c3ff1c8fb66c49d1b5a03ab9ce5614a42737f0a"
latest-published-id = "0xbece74970dc5b30686a3297b1c3ff1c8fb66c49d1b5a03ab9ce5614a42737f0a"
published-version = "1"
