# @generated by Move, please check-in and do not edit manually.

[move]
version = 3
manifest_digest = "1020785E06827E092BF5E90D777A890958032A7F4D690112ABCEBB870847FEBD"
deps_digest = "04732BFEF428F74DE262001DC455D76B909EBC394B034A9A15CC095E4BDD9CEF"

dependencies = [
  { id = "CoinDecimalsRegistry", name = "CoinDecimalsRegistry" },
  { id = "Decimal", name = "Decimal" },
  { id = "Math", name = "Math" },
  { id = "Sui", name = "Sui" },
  { id = "Whitelist", name = "Whitelist" },
  { id = "X", name = "X" },
  { id = "XOracle", name = "XOracle" },
]
dev-dependencies = [
  { id = "TestCoin", name = "TestCoin" },
]

[[move.package]]
id = "CoinDecimalsRegistry"
source = { local = "../libs/coin_decimals_registry" }

dependencies = [
  { id = "Sui", name = "Sui" },
]

[[move.package]]
id = "Decimal"
source = { local = "../libs/decimal" }

dependencies = [
  { id = "Sui", name = "Sui" },
]

[[move.package]]
id = "Math"
source = { local = "../libs/math" }

dependencies = [
  { id = "Sui", name = "Sui" },
]

[[move.package]]
id = "MoveStdlib"
source = { git = "https://github.com/MystenLabs/sui.git", rev = "mainnet", subdir = "crates/sui-framework/packages/move-stdlib" }

[[move.package]]
id = "Sui"
source = { git = "https://github.com/MystenLabs/sui.git", rev = "mainnet", subdir = "crates/sui-framework/packages/sui-framework" }

dependencies = [
  { id = "MoveStdlib", name = "MoveStdlib" },
]

[[move.package]]
id = "TestCoin"
source = { local = "../test_coin" }

dependencies = [
  { id = "Sui", name = "Sui" },
]

[[move.package]]
id = "Whitelist"
source = { local = "../libs/whitelist" }

dependencies = [
  { id = "Sui", name = "Sui" },
]

[[move.package]]
id = "X"
source = { local = "../libs/x" }

dependencies = [
  { id = "Sui", name = "Sui" },
]

[[move.package]]
id = "XOracle"
source = { local = "../sui_x_oracle/x_oracle" }

dependencies = [
  { id = "Sui", name = "Sui" },
]

[move.toolchain-version]
compiler-version = "1.58.3"
edition = "2024"
flavor = "sui"

[env]

[env.mainnet]
chain-id = "35834a8a"
original-published-id = "0xb4b3941738323f2623f822124a9c5bdd7b63f6ac4e4af02550d5c20489d767b6"
latest-published-id = "0xb4b3941738323f2623f822124a9c5bdd7b63f6ac4e4af02550d5c20489d767b6"
published-version = "1"
