# @generated by Move, please check-in and do not edit manually.

[move]
version = 3
manifest_digest = "0F5B9AD2BF9577F7DE417A2F2924C217CBCFC84336D81C1DF2F9362059DE5852"
deps_digest = "04732BFEF428F74DE262001DC455D76B909EBC394B034A9A15CC095E4BDD9CEF"
dependencies = [
  { id = "Bridge", name = "Bridge" },
  { id = "Decimal", name = "Decimal" },
  { id = "MoveStdlib", name = "MoveStdlib" },
  { id = "Pyth", name = "Pyth" },
  { id = "Sui", name = "Sui" },
  { id = "SuiSystem", name = "SuiSystem" },
  { id = "XOracle", name = "XOracle" },
  { id = "haedal", name = "haedal" },
]

[[move.package]]
id = "Bridge"
source = { git = "https://github.com/MystenLabs/sui.git", rev = "25804c243d07", subdir = "crates/sui-framework/packages/bridge" }

dependencies = [
  { id = "MoveStdlib", name = "MoveStdlib" },
  { id = "Sui", name = "Sui" },
  { id = "SuiSystem", name = "SuiSystem" },
]

[[move.package]]
id = "Decimal"
source = { local = "../../libs/decimal" }

dependencies = [
  { id = "Sui", name = "Sui" },
]

[[move.package]]
id = "MoveStdlib"
source = { git = "https://github.com/MystenLabs/sui.git", rev = "25804c243d07", subdir = "crates/sui-framework/packages/move-stdlib" }

[[move.package]]
id = "Pyth"
source = { local = "../pyth_rule/vendors/pyth" }

dependencies = [
  { id = "Sui", name = "Sui" },
  { id = "Wormhole", name = "Wormhole" },
]

[[move.package]]
id = "Sui"
source = { git = "https://github.com/MystenLabs/sui.git", rev = "25804c243d07", subdir = "crates/sui-framework/packages/sui-framework" }

dependencies = [
  { id = "MoveStdlib", name = "MoveStdlib" },
]

[[move.package]]
id = "SuiSystem"
source = { git = "https://github.com/MystenLabs/sui.git", rev = "25804c243d07", subdir = "crates/sui-framework/packages/sui-system" }

dependencies = [
  { id = "MoveStdlib", name = "MoveStdlib" },
  { id = "Sui", name = "Sui" },
]

[[move.package]]
id = "Wormhole"
source = { local = "../pyth_rule/vendors/wormhole" }

dependencies = [
  { id = "Sui", name = "Sui" },
]

[[move.package]]
id = "XOracle"
source = { local = "../x_oracle" }

dependencies = [
  { id = "Sui", name = "Sui" },
]

[[move.package]]
id = "haedal"
source = { git = "https://github.com/nathanramli/haedal-protocol-interface.git", rev = "main", subdir = "" }

dependencies = [
  { id = "Sui", name = "Sui" },
  { id = "SuiSystem", name = "SuiSystem" },
]

[move.toolchain-version]
compiler-version = "1.49.2"
edition = "2024.beta"
flavor = "sui"

[env]

[env.mainnet-ankr]
chain-id = "35834a8a"
original-published-id = "0xac62b68b386dab503a6ef64c97e55dffac34c8f908373025751a111b72b767dc"
latest-published-id = "0xac62b68b386dab503a6ef64c97e55dffac34c8f908373025751a111b72b767dc"
published-version = "1"
