# @generated by Move, please check-in and do not edit manually.

[move]
version = 3
manifest_digest = "8BBDA525ADC430186A9851356005195646F1F09591A126CACFD8764496DE6E4E"
deps_digest = "397E6A9F7A624706DBDFEE056CE88391A15876868FD18A88504DA74EB458D697"
dependencies = [
  { id = "AftermathLSD", name = "AftermathLSD" },
  { id = "Decimal", name = "Decimal" },
  { id = "Pyth", name = "Pyth" },
  { id = "Sui", name = "Sui" },
  { id = "XOracle", name = "XOracle" },
]

[[move.package]]
id = "AfSui"
source = { local = "../../../../../aftermath/move-interfaces/packages/afsui/afsui" }

dependencies = [
  { id = "Safe", name = "Safe" },
  { id = "Sui", name = "Sui" },
]

[[move.package]]
id = "AfSuiReferralVault"
source = { local = "../../../../../aftermath/move-interfaces/packages/afsui/afsui-referral-vault" }

dependencies = [
  { id = "Sui", name = "Sui" },
]

[[move.package]]
id = "AfSuiTreasury"
source = { local = "../../../../../aftermath/move-interfaces/packages/afsui/afsui-treasury" }

dependencies = [
  { id = "Sui", name = "Sui" },
]

[[move.package]]
id = "AftermathLSD"
source = { local = "../../../../../aftermath/move-interfaces/packages/afsui/afsui-staked-sui-vault" }

dependencies = [
  { id = "AfSui", name = "AfSui" },
  { id = "AfSuiReferralVault", name = "AfSuiReferralVault" },
  { id = "AfSuiTreasury", name = "AfSuiTreasury" },
  { id = "LinkedSet", name = "LinkedSet" },
  { id = "Safe", name = "Safe" },
  { id = "Sui", name = "Sui" },
  { id = "SuiSystem", name = "SuiSystem" },
  { id = "SuiSystemUtils", name = "SuiSystemUtils" },
  { id = "utilities", name = "utilities" },
]

[[move.package]]
id = "Decimal"
source = { local = "../../libs/decimal" }

dependencies = [
  { id = "Sui", name = "Sui" },
]

[[move.package]]
id = "LinkedSet"
source = { local = "../../../../../aftermath/move-interfaces/packages/utility/linked-set" }

dependencies = [
  { id = "Sui", name = "Sui" },
]

[[move.package]]
id = "MoveStdlib"
source = { git = "https://github.com/MystenLabs/sui.git", rev = "framework/mainnet", subdir = "crates/sui-framework/packages/move-stdlib" }

[[move.package]]
id = "Pyth"
source = { local = "../pyth_rule/vendors/pyth" }

dependencies = [
  { id = "Sui", name = "Sui" },
  { id = "Wormhole", name = "Wormhole" },
]

[[move.package]]
id = "Safe"
source = { local = "../../../../../aftermath/move-interfaces/packages/utility/safe" }

dependencies = [
  { id = "Sui", name = "Sui" },
]

[[move.package]]
id = "Sui"
source = { git = "https://github.com/MystenLabs/sui.git", rev = "framework/mainnet", subdir = "crates/sui-framework/packages/sui-framework" }

dependencies = [
  { id = "MoveStdlib", name = "MoveStdlib" },
]

[[move.package]]
id = "SuiSystem"
source = { git = "https://github.com/MystenLabs/sui.git", rev = "framework/mainnet", subdir = "crates/sui-framework/packages/sui-system" }

dependencies = [
  { id = "MoveStdlib", name = "MoveStdlib" },
  { id = "Sui", name = "Sui" },
]

[[move.package]]
id = "SuiSystemUtils"
source = { local = "../../../../../aftermath/move-interfaces/packages/utility/sui-system-utils" }

dependencies = [
  { id = "Sui", name = "Sui" },
  { id = "SuiSystem", name = "SuiSystem" },
]

[[move.package]]
id = "Wormhole"
source = { local = "../pyth_rule/vendors/wormhole" }

dependencies = [
  { id = "Sui", name = "Sui" },
]

[[move.package]]
id = "XOracle"
source = { local = "../x_oracle" }

dependencies = [
  { id = "Sui", name = "Sui" },
]

[[move.package]]
id = "utilities"
source = { local = "../../../../../aftermath/move-interfaces/packages/utility/utilities" }

dependencies = [
  { id = "Sui", name = "Sui" },
]

[move.toolchain-version]
compiler-version = "1.49.2"
edition = "2024.beta"
flavor = "sui"

[env]

[env.mainnet-ankr]
chain-id = "35834a8a"
original-published-id = "0xd45b20f4bbc7ab4b2b3874a4fa38aa440505d8010bba052df914892537e6b418"
latest-published-id = "0xd45b20f4bbc7ab4b2b3874a4fa38aa440505d8010bba052df914892537e6b418"
published-version = "1"
